
Microsoft Visual Studio Solution File, Format Version 12.00
# Visual Studio Version 16
VisualStudioVersion = 16.0.30011.22
MinimumVisualStudioVersion = 10.0.40219.1
Project("{FAE04EC0-301F-11D3-BF4B-00C04F79EFBC}") = "CollegeManagmentSystem", "CollegeManagmentSystem.csproj", "{CC88C6D7-A125-4274-9787-85A621C35F7D}"
EndProject
Global
	GlobalSection(SolutionConfigurationPlatforms) = preSolution
		Debug|Any CPU = Debug|Any CPU
		Release|Any CPU = Release|Any CPU
	EndGlobalSection
	GlobalSection(ProjectConfigurationPlatforms) = postSolution
		{CC88C6D7-A125-4274-9787-85A621C35F7D}.Debug|Any CPU.ActiveCfg = Debug|Any CPU
		{CC88C6D7-A125-4274-9787-85A621C35F7D}.Debug|Any CPU.Build.0 = Debug|Any CPU
		{CC88C6D7-A125-4274-9787-85A621C35F7D}.Release|Any CPU.ActiveCfg = Release|Any CPU
		{CC88C6D7-A125-4274-9787-85A621C35F7D}.Release|Any CPU.Build.0 = Release|Any CPU
	EndGlobalSection
	GlobalSection(SolutionProperties) = preSolution
		HideSolutionNode = FALSE
	EndGlobalSection
	GlobalSection(ExtensibilityGlobals) = postSolution
		SolutionGuid = {597C5189-9699-4479-8D35-23DA3E40F634}
	EndGlobalSection
EndGlobal
